<?xml version="1.0" encoding="utf-8"?>
<Project ToolsVersion="4.0" xmlns="http://schemas.microsoft.com/developer/msbuild/2003">
  <ItemGroup>
    <Filter Include="Archivos de origen">
      <UniqueIdentifier>{4FC737F1-C7A5-4376-A066-2A32D752A2FF}</UniqueIdentifier>
      <Extensions>cpp;c;cc;cxx;c++;cppm;ixx;def;odl;idl;hpj;bat;asm;asmx</Extensions>
    </Filter>
    <Filter Include="Archivos de encabezado">
      <UniqueIdentifier>{93995380-89BD-4b04-88EB-625FBE52EBFB}</UniqueIdentifier>
      <Extensions>h;hh;hpp;hxx;h++;hm;inl;inc;ipp;xsd</Extensions>
    </Filter>
    <Filter Include="Archivos de recursos">
      <UniqueIdentifier>{67DA6AB6-F800-4c08-8B7A-83BB121AAD01}</UniqueIdentifier>
      <Extensions>rc;ico;cur;bmp;dlg;rc2;rct;bin;rgs;gif;jpg;jpeg;jpe;resx;tiff;tif;png;wav;mfcribbon-ms</Extensions>
    </Filter>
    <Filter Include="TestUnitarios">
      <UniqueIdentifier>{14ff8d4b-d395-40e5-89c0-a5251dd39d42}</UniqueIdentifier>
    </Filter>
  </ItemGroup>
  <ItemGroup>
    <ClCompile Include="Array.c">
      <Filter>Archivos de origen</Filter>
    </ClCompile>
    <ClCompile Include="Position.c">
      <Filter>Archivos de origen</Filter>
    </ClCompile>
    <ClCompile Include="eccanom.c">
      <Filter>Archivos de origen</Filter>
    </ClCompile>
    <ClCompile Include="JPL_Eph_DE430.c">
      <Filter>Archivos de origen</Filter>
    </ClCompile>
    <ClCompile Include="MeanObliquity.c">
      <Filter>Archivos de origen</Filter>
    </ClCompile>
    <ClCompile Include="Mjday.c">
      <Filter>Archivos de origen</Filter>
    </ClCompile>
    <ClCompile Include="Mjday_TDB.c">
      <Filter>Archivos de origen</Filter>
    </ClCompile>
    <ClCompile Include="NutAngles.c">
      <Filter>Archivos de origen</Filter>
    </ClCompile>
    <ClCompile Include="NutMatrix.c">
      <Filter>Archivos de origen</Filter>
    </ClCompile>
    <ClCompile Include="R_x.c">
      <Filter>Archivos de origen</Filter>
    </ClCompile>
    <ClCompile Include="FuncionesMatlab.c">
      <Filter>Archivos de origen</Filter>
    </ClCompile>
    <ClCompile Include="main.c">
      <Filter>Archivos de origen</Filter>
    </ClCompile>
    <ClCompile Include="gmst.c">
      <Filter>Archivos de origen</Filter>
    </ClCompile>
    <ClCompile Include="timediff.c">
      <Filter>Archivos de origen</Filter>
    </ClCompile>
    <ClCompile Include="unit.c">
      <Filter>Archivos de origen</Filter>
    </ClCompile>
    <ClCompile Include="sign_.c">
      <Filter>Archivos de origen</Filter>
    </ClCompile>
    <ClCompile Include="Frac.c">
      <Filter>Archivos de origen</Filter>
    </ClCompile>
    <ClCompile Include="EqnEquinox.c">
      <Filter>Archivos de origen</Filter>
    </ClCompile>
    <ClCompile Include="R_y.c">
      <Filter>Archivos de origen</Filter>
    </ClCompile>
    <ClCompile Include="R_z.c">
      <Filter>Archivos de origen</Filter>
    </ClCompile>
    <ClCompile Include="anglesdr.c">
      <Filter>Archivos de origen</Filter>
    </ClCompile>
    <ClCompile Include="LTC.c">
      <Filter>Archivos de origen</Filter>
    </ClCompile>
    <ClCompile Include="Geodetic.c">
      <Filter>Archivos de origen</Filter>
    </ClCompile>
    <ClCompile Include="IERS.c">
      <Filter>Archivos de origen</Filter>
    </ClCompile>
    <ClCompile Include="Legendre.c">
      <Filter>Archivos de origen</Filter>
    </ClCompile>
    <ClCompile Include="hgibbs.c">
      <Filter>Archivos de origen</Filter>
    </ClCompile>
    <ClCompile Include="Cheb3D.c">
      <Filter>Archivos de origen</Filter>
    </ClCompile>
    <ClCompile Include="AccelPointMass.c">
      <Filter>Archivos de origen</Filter>
    </ClCompile>
    <ClCompile Include="PoleMatrix.c">
      <Filter>Archivos de origen</Filter>
    </ClCompile>
    <ClCompile Include="PrecMatrix.c">
      <Filter>Archivos de origen</Filter>
    </ClCompile>
    <ClCompile Include="GHAMatrix.c">
      <Filter>Archivos de origen</Filter>
    </ClCompile>
    <ClCompile Include="gast.c">
      <Filter>Archivos de origen</Filter>
    </ClCompile>
    <ClCompile Include="AzElPa.c">
      <Filter>Archivos de origen</Filter>
    </ClCompile>
    <ClCompile Include="doubler.c">
      <Filter>Archivos de origen</Filter>
    </ClCompile>
    <ClCompile Include="AccelHarmonic.c">
      <Filter>Archivos de origen</Filter>
    </ClCompile>
    <ClCompile Include="MeasUpdate.c">
      <Filter>Archivos de origen</Filter>
    </ClCompile>
    <ClCompile Include="Accel.c">
      <Filter>Archivos de origen</Filter>
    </ClCompile>
    <ClCompile Include="TimeUpdate.c">
      <Filter>Archivos de origen</Filter>
    </ClCompile>
    <ClCompile Include="VarEqn.c">
      <Filter>Archivos de origen</Filter>
    </ClCompile>
    <ClCompile Include="G_AccelHarmonic.c">
      <Filter>Archivos de origen</Filter>
    </ClCompile>
    <ClCompile Include="angl.c">
      <Filter>Archivos de origen</Filter>
    </ClCompile>
    <ClCompile Include="elements.c">
      <Filter>Archivos de origen</Filter>
    </ClCompile>
    <ClCompile Include="ode_test.c">
      <Filter>TestUnitarios</Filter>
    </ClCompile>
    <ClCompile Include="testFracc.c">
      <Filter>TestUnitarios</Filter>
    </ClCompile>
    <ClCompile Include="testIOD_KF.c">
      <Filter>TestUnitarios</Filter>
    </ClCompile>
    <ClCompile Include="testUnit.c">
      <Filter>TestUnitarios</Filter>
    </ClCompile>
    <ClCompile Include="testR_x.c">
      <Filter>TestUnitarios</Filter>
    </ClCompile>
    <ClCompile Include="testR_y.c">
      <Filter>TestUnitarios</Filter>
    </ClCompile>
    <ClCompile Include="testR_z.c">
      <Filter>TestUnitarios</Filter>
    </ClCompile>
    <ClCompile Include="testTimediff.c">
      <Filter>TestUnitarios</Filter>
    </ClCompile>
  </ItemGroup>
  <ItemGroup>
    <ClInclude Include="Array.h">
      <Filter>Archivos de encabezado</Filter>
    </ClInclude>
    <ClInclude Include="Position.h">
      <Filter>Archivos de encabezado</Filter>
    </ClInclude>
    <ClInclude Include="iodkf.h">
      <Filter>Archivos de encabezado</Filter>
    </ClInclude>
    <ClInclude Include="eccanom.h">
      <Filter>Archivos de encabezado</Filter>
    </ClInclude>
    <ClInclude Include="JPL_Eph_DE430.h">
      <Filter>Archivos de encabezado</Filter>
    </ClInclude>
    <ClInclude Include="MeanObliquity.h">
      <Filter>Archivos de encabezado</Filter>
    </ClInclude>
    <ClInclude Include="Mjday.h">
      <Filter>Archivos de encabezado</Filter>
    </ClInclude>
    <ClInclude Include="Mjday_TDB.h">
      <Filter>Archivos de encabezado</Filter>
    </ClInclude>
    <ClInclude Include="NutAngles.h">
      <Filter>Archivos de encabezado</Filter>
    </ClInclude>
    <ClInclude Include="NutMatrix.h">
      <Filter>Archivos de encabezado</Filter>
    </ClInclude>
    <ClInclude Include="R_x.h">
      <Filter>Archivos de encabezado</Filter>
    </ClInclude>
    <ClInclude Include="FuncionesMatlab.h">
      <Filter>Archivos de encabezado</Filter>
    </ClInclude>
    <ClInclude Include="globales.h">
      <Filter>Archivos de encabezado</Filter>
    </ClInclude>
    <ClInclude Include="gmst.h">
      <Filter>Archivos de encabezado</Filter>
    </ClInclude>
    <ClInclude Include="timediff.h">
      <Filter>Archivos de encabezado</Filter>
    </ClInclude>
    <ClInclude Include="unit.h">
      <Filter>Archivos de encabezado</Filter>
    </ClInclude>
    <ClInclude Include="sign_.h">
      <Filter>Archivos de encabezado</Filter>
    </ClInclude>
    <ClInclude Include="Frac.h">
      <Filter>Archivos de encabezado</Filter>
    </ClInclude>
    <ClInclude Include="EqnEquinox.h">
      <Filter>Archivos de encabezado</Filter>
    </ClInclude>
    <ClInclude Include="ode.h">
      <Filter>Archivos de encabezado</Filter>
    </ClInclude>
    <ClInclude Include="R_y.h">
      <Filter>Archivos de encabezado</Filter>
    </ClInclude>
    <ClInclude Include="R_z.h">
      <Filter>Archivos de encabezado</Filter>
    </ClInclude>
    <ClInclude Include="anglesdr.h">
      <Filter>Archivos de encabezado</Filter>
    </ClInclude>
    <ClInclude Include="LTC.h">
      <Filter>Archivos de encabezado</Filter>
    </ClInclude>
    <ClInclude Include="Geodetic.h">
      <Filter>Archivos de encabezado</Filter>
    </ClInclude>
    <ClInclude Include="IERS.h">
      <Filter>Archivos de encabezado</Filter>
    </ClInclude>
    <ClInclude Include="Legendre.h">
      <Filter>Archivos de encabezado</Filter>
    </ClInclude>
    <ClInclude Include="hgibbs.h">
      <Filter>Archivos de encabezado</Filter>
    </ClInclude>
    <ClInclude Include="Cheb3D.h">
      <Filter>Archivos de encabezado</Filter>
    </ClInclude>
    <ClInclude Include="AccelPointMass.h">
      <Filter>Archivos de encabezado</Filter>
    </ClInclude>
    <ClInclude Include="PoleMatrix.h">
      <Filter>Archivos de encabezado</Filter>
    </ClInclude>
    <ClInclude Include="PrecMatrix.h">
      <Filter>Archivos de encabezado</Filter>
    </ClInclude>
    <ClInclude Include="GHAMatrix.h">
      <Filter>Archivos de encabezado</Filter>
    </ClInclude>
    <ClInclude Include="gast.h">
      <Filter>Archivos de encabezado</Filter>
    </ClInclude>
    <ClInclude Include="AzElPa.h">
      <Filter>Archivos de encabezado</Filter>
    </ClInclude>
    <ClInclude Include="doubler.h">
      <Filter>Archivos de encabezado</Filter>
    </ClInclude>
    <ClInclude Include="AccelHarmonic.h">
      <Filter>Archivos de encabezado</Filter>
    </ClInclude>
    <ClInclude Include="MeasUpdate.h">
      <Filter>Archivos de encabezado</Filter>
    </ClInclude>
    <ClInclude Include="Accel.h">
      <Filter>Archivos de encabezado</Filter>
    </ClInclude>
    <ClInclude Include="TimeUpdate.h">
      <Filter>Archivos de encabezado</Filter>
    </ClInclude>
    <ClInclude Include="VarEqn.h">
      <Filter>Archivos de encabezado</Filter>
    </ClInclude>
    <ClInclude Include="G_AccelHarmonic.h">
      <Filter>Archivos de encabezado</Filter>
    </ClInclude>
    <ClInclude Include="angl.h">
      <Filter>Archivos de encabezado</Filter>
    </ClInclude>
    <ClInclude Include="elements.h">
      <Filter>Archivos de encabezado</Filter>
    </ClInclude>
  </ItemGroup>
</Project>